// !$*UTF8*$!
{
	archiveVersion = 1;
	classes = {
	};
	objectVersion = 55;
	objects = {

/* Begin PBXBuildFile section */
		63DC22732746425F0014CA09 /* AppDelegate.swift in Sources */ = {isa = PBXBuildFile; fileRef = 63DC22722746425F0014CA09 /* AppDelegate.swift */; };
		63DC22752746425F0014CA09 /* SceneDelegate.swift in Sources */ = {isa = PBXBuildFile; fileRef = 63DC22742746425F0014CA09 /* SceneDelegate.swift */; };
		63DC22772746425F0014CA09 /* ViewController.swift in Sources */ = {isa = PBXBuildFile; fileRef = 63DC22762746425F0014CA09 /* ViewController.swift */; };
		63DC227A2746425F0014CA09 /* Main.storyboard in Resources */ = {isa = PBXBuildFile; fileRef = 63DC22782746425F0014CA09 /* Main.storyboard */; };
		63DC227C274642600014CA09 /* Assets.xcassets in Resources */ = {isa = PBXBuildFile; fileRef = 63DC227B274642600014CA09 /* Assets.xcassets */; };
		63DC227F274642600014CA09 /* LaunchScreen.storyboard in Resources */ = {isa = PBXBuildFile; fileRef = 63DC227D274642600014CA09 /* LaunchScreen.storyboard */; };
		63DC228A274642600014CA09 /* ClockAppTests.swift in Sources */ = {isa = PBXBuildFile; fileRef = 63DC2289274642600014CA09 /* ClockAppTests.swift */; };
		63DC2294274642600014CA09 /* ClockAppUITests.swift in Sources */ = {isa = PBXBuildFile; fileRef = 63DC2293274642600014CA09 /* ClockAppUITests.swift */; };
		63DC2296274642600014CA09 /* ClockAppUITestsLaunchTests.swift in Sources */ = {isa = PBXBuildFile; fileRef = 63DC2295274642600014CA09 /* ClockAppUITestsLaunchTests.swift */; };
/* End PBXBuildFile section */

/* Begin PBXContainerItemProxy section */
		63DC2286274642600014CA09 /* PBXContainerItemProxy */ = {
			isa = PBXContainerItemProxy;
			containerPortal = 63DC22672746425F0014CA09 /* Project object */;
			proxyType = 1;
			remoteGlobalIDString = 63DC226E2746425F0014CA09;
			remoteInfo = ClockApp;
		};
		63DC2290274642600014CA09 /* PBXContainerItemProxy */ = {
			isa = PBXContainerItemProxy;
			containerPortal = 63DC22672746425F0014CA09 /* Project object */;
			proxyType = 1;
			remoteGlobalIDString = 63DC226E2746425F0014CA09;
			remoteInfo = ClockApp;
		};
/* End PBXContainerItemProxy section */

/* Begin PBXFileReference section */
		63DC226F2746425F0014CA09 /* ClockApp.app */ = {isa = PBXFileReference; explicitFileType = wrapper.application; includeInIndex = 0; path = ClockApp.app; sourceTree = BUILT_PRODUCTS_DIR; };
		63DC22722746425F0014CA09 /* AppDelegate.swift */ = {isa = PBXFileReference; lastKnownFileType = sourcecode.swift; path = AppDelegate.swift; sourceTree = "<group>"; };
		63DC22742746425F0014CA09 /* SceneDelegate.swift */ = {isa = PBXFileReference; lastKnownFileType = sourcecode.swift; path = SceneDelegate.swift; sourceTree = "<group>"; };
		63DC22762746425F0014CA09 /* ViewController.swift */ = {isa = PBXFileReference; lastKnownFileType = sourcecode.swift; path = ViewController.swift; sourceTree = "<group>"; };
		63DC22792746425F0014CA09 /* Base */ = {isa = PBXFileReference; lastKnownFileType = file.storyboard; name = Base; path = Base.lproj/Main.storyboard; sourceTree = "<group>"; };
		63DC227B274642600014CA09 /* Assets.xcassets */ = {isa = PBXFileReference; lastKnownFileType = folder.assetcatalog; path = Assets.xcassets; sourceTree = "<group>"; };
		63DC227E274642600014CA09 /* Base */ = {isa = PBXFileReference; lastKnownFileType = file.storyboard; name = Base; path = Base.lproj/LaunchScreen.storyboard; sourceTree = "<group>"; };
		63DC2280274642600014CA09 /* Info.plist */ = {isa = PBXFileReference; lastKnownFileType = text.plist.xml; path = Info.plist; sourceTree = "<group>"; };
		63DC2285274642600014CA09 /* ClockAppTests.xctest */ = {isa = PBXFileReference; explicitFileType = wrapper.cfbundle; includeInIndex = 0; path = ClockAppTests.xctest; sourceTree = BUILT_PRODUCTS_DIR; };
		63DC2289274642600014CA09 /* ClockAppTests.swift */ = {isa = PBXFileReference; lastKnownFileType = sourcecode.swift; path = ClockAppTests.swift; sourceTree = "<group>"; };
		63DC228F274642600014CA09 /* ClockAppUITests.xctest */ = {isa = PBXFileReference; explicitFileType = wrapper.cfbundle; includeInIndex = 0; path = ClockAppUITests.xctest; sourceTree = BUILT_PRODUCTS_DIR; };
		63DC2293274642600014CA09 /* ClockAppUITests.swift */ = {isa = PBXFileReference; lastKnownFileType = sourcecode.swift; path = ClockAppUITests.swift; sourceTree = "<group>"; };
		63DC2295274642600014CA09 /* ClockAppUITestsLaunchTests.swift */ = {isa = PBXFileReference; lastKnownFileType = sourcecode.swift; path = ClockAppUITestsLaunchTests.swift; sourceTree = "<group>"; };
/* End PBXFileReference section */

/* Begin PBXFrameworksBuildPhase section */
		63DC226C2746425F0014CA09 /* Frameworks */ = {
			isa = PBXFrameworksBuildPhase;
			buildActionMask = 2147483647;
			files = (
			);
			runOnlyForDeploymentPostprocessing = 0;
		};
		63DC2282274642600014CA09 /* Frameworks */ = {
			isa = PBXFrameworksBuildPhase;
			buildActionMask = 2147483647;
			files = (
			);
			runOnlyForDeploymentPostprocessing = 0;
		};
		63DC228C274642600014CA09 /* Frameworks */ = {
			isa = PBXFrameworksBuildPhase;
			buildActionMask = 2147483647;
			files = (
			);
			runOnlyForDeploymentPostprocessing = 0;
		};
/* End PBXFrameworksBuildPhase section */

/* Begin PBXGroup section */
		63DC22662746425F0014CA09 = {
			isa = PBXGroup;
			children = (
				63DC22712746425F0014CA09 /* ClockApp */,
				63DC2288274642600014CA09 /* ClockAppTests */,
				63DC2292274642600014CA09 /* ClockAppUITests */,
				63DC22702746425F0014CA09 /* Products */,
			);
			sourceTree = "<group>";
		};
		63DC22702746425F0014CA09 /* Products */ = {
			isa = PBXGroup;
			children = (
				63DC226F2746425F0014CA09 /* ClockApp.app */,
				63DC2285274642600014CA09 /* ClockAppTests.xctest */,
				63DC228F274642600014CA09 /* ClockAppUITests.xctest */,
			);
			name = Products;
			sourceTree = "<group>";
		};
		63DC22712746425F0014CA09 /* ClockApp */ = {
			isa = PBXGroup;
			children = (
				63DC22722746425F0014CA09 /* AppDelegate.swift */,
				63DC22742746425F0014CA09 /* SceneDelegate.swift */,
				63DC22762746425F0014CA09 /* ViewController.swift */,
				63DC22782746425F0014CA09 /* Main.storyboard */,
				63DC227B274642600014CA09 /* Assets.xcassets */,
				63DC227D274642600014CA09 /* LaunchScreen.storyboard */,
				63DC2280274642600014CA09 /* Info.plist */,
			);
			path = ClockApp;
			sourceTree = "<group>";
		};
		63DC2288274642600014CA09 /* ClockAppTests */ = {
			isa = PBXGroup;
			children = (
				63DC2289274642600014CA09 /* ClockAppTests.swift */,
			);
			path = ClockAppTests;
			sourceTree = "<group>";
		};
		63DC2292274642600014CA09 /* ClockAppUITests */ = {
			isa = PBXGroup;
			children = (
				63DC2293274642600014CA09 /* ClockAppUITests.swift */,
				63DC2295274642600014CA09 /* ClockAppUITestsLaunchTests.swift */,
			);
			path = ClockAppUITests;
			sourceTree = "<group>";
		};
/* End PBXGroup section */

/* Begin PBXNativeTarget section */
		63DC226E2746425F0014CA09 /* ClockApp */ = {
			isa = PBXNativeTarget;
			buildConfigurationList = 63DC2299274642600014CA09 /* Build configuration list for PBXNativeTarget "ClockApp" */;
			buildPhases = (
				63DC226B2746425F0014CA09 /* Sources */,
				63DC226C2746425F0014CA09 /* Frameworks */,
				63DC226D2746425F0014CA09 /* Resources */,
			);
			buildRules = (
			);
			dependencies = (
			);
			name = ClockApp;
			productName = ClockApp;
			productReference = 63DC226F2746425F0014CA09 /* ClockApp.app */;
			productType = "com.apple.product-type.application";
		};
		63DC2284274642600014CA09 /* ClockAppTests */ = {
			isa = PBXNativeTarget;
			buildConfigurationList = 63DC229C274642600014CA09 /* Build configuration list for PBXNativeTarget "ClockAppTests" */;
			buildPhases = (
				63DC2281274642600014CA09 /* Sources */,
				63DC2282274642600014CA09 /* Frameworks */,
				63DC2283274642600014CA09 /* Resources */,
			);
			buildRules = (
			);
			dependencies = (
				63DC2287274642600014CA09 /* PBXTargetDependency */,
			);
			name = ClockAppTests;
			productName = ClockAppTests;
			productReference = 63DC2285274642600014CA09 /* ClockAppTests.xctest */;
			productType = "com.apple.product-type.bundle.unit-test";
		};
		63DC228E274642600014CA09 /* ClockAppUITests */ = {
			isa = PBXNativeTarget;
			buildConfigurationList = 63DC229F274642600014CA09 /* Build configuration list for PBXNativeTarget "ClockAppUITests" */;
			buildPhases = (
				63DC228B274642600014CA09 /* Sources */,
				63DC228C274642600014CA09 /* Frameworks */,
				63DC228D274642600014CA09 /* Resources */,
			);
			buildRules = (
			);
			dependencies = (
				63DC2291274642600014CA09 /* PBXTargetDependency */,
			);
			name = ClockAppUITests;
			productName = ClockAppUITests;
			productReference = 63DC228F274642600014CA09 /* ClockAppUITests.xctest */;
			productType = "com.apple.product-type.bundle.ui-testing";
		};
/* End PBXNativeTarget section */

/* Begin PBXProject section */
		63DC22672746425F0014CA09 /* Project object */ = {
			isa = PBXProject;
			attributes = {
				BuildIndependentTargetsInParallel = 1;
				LastSwiftUpdateCheck = 1310;
				LastUpgradeCheck = 1310;
				TargetAttributes = {
					63DC226E2746425F0014CA09 = {
						CreatedOnToolsVersion = 13.1;
					};
					63DC2284274642600014CA09 = {
						CreatedOnToolsVersion = 13.1;
						TestTargetID = 63DC226E2746425F0014CA09;
					};
					63DC228E274642600014CA09 = {
						CreatedOnToolsVersion = 13.1;
						TestTargetID = 63DC226E2746425F0014CA09;
					};
				};
			};
			buildConfigurationList = 63DC226A2746425F0014CA09 /* Build configuration list for PBXProject "ClockApp" */;
			compatibilityVersion = "Xcode 13.0";
			developmentRegion = en;
			hasScannedForEncodings = 0;
			knownRegions = (
				en,
				Base,
			);
			mainGroup = 63DC22662746425F0014CA09;
			productRefGroup = 63DC22702746425F0014CA09 /* Products */;
			projectDirPath = "";
			projectRoot = "";
			targets = (
				63DC226E2746425F0014CA09 /* ClockApp */,
				63DC2284274642600014CA09 /* ClockAppTests */,
				63DC228E274642600014CA09 /* ClockAppUITests */,
			);
		};
/* End PBXProject section */

/* Begin PBXResourcesBuildPhase section */
		63DC226D2746425F0014CA09 /* Resources */ = {
			isa = PBXResourcesBuildPhase;
			buildActionMask = 2147483647;
			files = (
				63DC227F274642600014CA09 /* LaunchScreen.storyboard in Resources */,
				63DC227C274642600014CA09 /* Assets.xcassets in Resources */,
				63DC227A2746425F0014CA09 /* Main.storyboard in Resources */,
			);
			runOnlyForDeploymentPostprocessing = 0;
		};
		63DC2283274642600014CA09 /* Resources */ = {
			isa = PBXResourcesBuildPhase;
			buildActionMask = 2147483647;
			files = (
			);
			runOnlyForDeploymentPostprocessing = 0;
		};
		63DC228D274642600014CA09 /* Resources */ = {
			isa = PBXResourcesBuildPhase;
			buildActionMask = 2147483647;
			files = (
			);
			runOnlyForDeploymentPostprocessing = 0;
		};
/* End PBXResourcesBuildPhase section */

/* Begin PBXSourcesBuildPhase section */
		63DC226B2746425F0014CA09 /* Sources */ = {
			isa = PBXSourcesBuildPhase;
			buildActionMask = 2147483647;
			files = (
				63DC22772746425F0014CA09 /* ViewController.swift in Sources */,
				63DC22732746425F0014CA09 /* AppDelegate.swift in Sources */,
				63DC22752746425F0014CA09 /* SceneDelegate.swift in Sources */,
			);
			runOnlyForDeploymentPostprocessing = 0;
		};
		63DC2281274642600014CA09 /* Sources */ = {
			isa = PBXSourcesBuildPhase;
			buildActionMask = 2147483647;
			files = (
				63DC228A274642600014CA09 /* ClockAppTests.swift in Sources */,
			);
			runOnlyForDeploymentPostprocessing = 0;
		};
		63DC228B274642600014CA09 /* Sources */ = {
			isa = PBXSourcesBuildPhase;
			buildActionMask = 2147483647;
			files = (
				63DC2296274642600014CA09 /* ClockAppUITestsLaunchTests.swift in Sources */,
				63DC2294274642600014CA09 /* ClockAppUITests.swift in Sources */,
			);
			runOnlyForDeploymentPostprocessing = 0;
		};
/* End PBXSourcesBuildPhase section */

/* Begin PBXTargetDependency section */
		63DC2287274642600014CA09 /* PBXTargetDependency */ = {
			isa = PBXTargetDependency;
			target = 63DC226E2746425F0014CA09 /* ClockApp */;
			targetProxy = 63DC2286274642600014CA09 /* PBXContainerItemProxy */;
		};
		63DC2291274642600014CA09 /* PBXTargetDependency */ = {
			isa = PBXTargetDependency;
			target = 63DC226E2746425F0014CA09 /* ClockApp */;
			targetProxy = 63DC2290274642600014CA09 /* PBXContainerItemProxy */;
		};
/* End PBXTargetDependency section */

/* Begin PBXVariantGroup section */
		63DC22782746425F0014CA09 /* Main.storyboard */ = {
			isa = PBXVariantGroup;
			children = (
				63DC22792746425F0014CA09 /* Base */,
			);
			name = Main.storyboard;
			sourceTree = "<group>";
		};
		63DC227D274642600014CA09 /* LaunchScreen.storyboard */ = {
			isa = PBXVariantGroup;
			children = (
				63DC227E274642600014CA09 /* Base */,
			);
			name = LaunchScreen.storyboard;
			sourceTree = "<group>";
		};
/* End PBXVariantGroup section */

/* Begin XCBuildConfiguration section */
		63DC2297274642600014CA09 /* Debug */ = {
			isa = XCBuildConfiguration;
			buildSettings = {
				ALWAYS_SEARCH_USER_PATHS = NO;
				CLANG_ANALYZER_NONNULL = YES;
				CLANG_ANALYZER_NUMBER_OBJECT_CONVERSION = YES_AGGRESSIVE;
				CLANG_CXX_LANGUAGE_STANDARD = "gnu++17";
				CLANG_CXX_LIBRARY = "libc++";
				CLANG_ENABLE_MODULES = YES;
				CLANG_ENABLE_OBJC_ARC = YES;
				CLANG_ENABLE_OBJC_WEAK = YES;
				CLANG_WARN_BLOCK_CAPTURE_AUTORELEASING = YES;
				CLANG_WARN_BOOL_CONVERSION = YES;
				CLANG_WARN_COMMA = YES;
				CLANG_WARN_CONSTANT_CONVERSION = YES;
				CLANG_WARN_DEPRECATED_OBJC_IMPLEMENTATIONS = YES;
				CLANG_WARN_DIRECT_OBJC_ISA_USAGE = YES_ERROR;
				CLANG_WARN_DOCUMENTATION_COMMENTS = YES;
				CLANG_WARN_EMPTY_BODY = YES;
				CLANG_WARN_ENUM_CONVERSION = YES;
				CLANG_WARN_INFINITE_RECURSION = YES;
				CLANG_WARN_INT_CONVERSION = YES;
				CLANG_WARN_NON_LITERAL_NULL_CONVERSION = YES;
				CLANG_WARN_OBJC_IMPLICIT_RETAIN_SELF = YES;
				CLANG_WARN_OBJC_LITERAL_CONVERSION = YES;
				CLANG_WARN_OBJC_ROOT_CLASS = YES_ERROR;
				CLANG_WARN_QUOTED_INCLUDE_IN_FRAMEWORK_HEADER = YES;
				CLANG_WARN_RANGE_LOOP_ANALYSIS = YES;
				CLANG_WARN_STRICT_PROTOTYPES = YES;
				CLANG_WARN_SUSPICIOUS_MOVE = YES;
				CLANG_WARN_UNGUARDED_AVAILABILITY = YES_AGGRESSIVE;
				CLANG_WARN_UNREACHABLE_CODE = YES;
				CLANG_WARN__DUPLICATE_METHOD_MATCH = YES;
				COPY_PHASE_STRIP = NO;
				DEBUG_INFORMATION_FORMAT = dwarf;
				ENABLE_STRICT_OBJC_MSGSEND = YES;
				ENABLE_TESTABILITY = YES;
				GCC_C_LANGUAGE_STANDARD = gnu11;
				GCC_DYNAMIC_NO_PIC = NO;
				GCC_NO_COMMON_BLOCKS = YES;
				GCC_OPTIMIZATION_LEVEL = 0;
				GCC_PREPROCESSOR_DEFINITIONS = (
					"DEBUG=1",
					"$(inherited)",
				);
				GCC_WARN_64_TO_32_BIT_CONVERSION = YES;
				GCC_WARN_ABOUT_RETURN_TYPE = YES_ERROR;
				GCC_WARN_UNDECLARED_SELECTOR = YES;
				GCC_WARN_UNINITIALIZED_AUTOS = YES_AGGRESSIVE;
				GCC_WARN_UNUSED_FUNCTION = YES;
				GCC_WARN_UNUSED_VARIABLE = YES;
				IPHONEOS_DEPLOYMENT_TARGET = 15.0;
				MTL_ENABLE_DEBUG_INFO = INCLUDE_SOURCE;
				MTL_FAST_MATH = YES;
				ONLY_ACTIVE_ARCH = YES;
				SDKROOT = iphoneos;
				SWIFT_ACTIVE_COMPILATION_CONDITIONS = DEBUG;
				SWIFT_OPTIMIZATION_LEVEL = "-Onone";
			};
			name = Debug;
		};
		63DC2298274642600014CA09 /* Release */ = {
			isa = XCBuildConfiguration;
			buildSettings = {
				ALWAYS_SEARCH_USER_PATHS = NO;
				CLANG_ANALYZER_NONNULL = YES;
				CLANG_ANALYZER_NUMBER_OBJECT_CONVERSION = YES_AGGRESSIVE;
				CLANG_CXX_LANGUAGE_STANDARD = "gnu++17";
				CLANG_CXX_LIBRARY = "libc++";
				CLANG_ENABLE_MODULES = YES;
				CLANG_ENABLE_OBJC_ARC = YES;
				CLANG_ENABLE_OBJC_WEAK = YES;
				CLANG_WARN_BLOCK_CAPTURE_AUTORELEASING = YES;
				CLANG_WARN_BOOL_CONVERSION = YES;
				CLANG_WARN_COMMA = YES;
				CLANG_WARN_CONSTANT_CONVERSION = YES;
				CLANG_WARN_DEPRECATED_OBJC_IMPLEMENTATIONS = YES;
				CLANG_WARN_DIRECT_OBJC_ISA_USAGE = YES_ERROR;
				CLANG_WARN_DOCUMENTATION_COMMENTS = YES;
				CLANG_WARN_EMPTY_BODY = YES;
				CLANG_WARN_ENUM_CONVERSION = YES;
				CLANG_WARN_INFINITE_RECURSION = YES;
				CLANG_WARN_INT_CONVERSION = YES;
				CLANG_WARN_NON_LITERAL_NULL_CONVERSION = YES;
				CLANG_WARN_OBJC_IMPLICIT_RETAIN_SELF = YES;
				CLANG_WARN_OBJC_LITERAL_CONVERSION = YES;
				CLANG_WARN_OBJC_ROOT_CLASS = YES_ERROR;
				CLANG_WARN_QUOTED_INCLUDE_IN_FRAMEWORK_HEADER = YES;
				CLANG_WARN_RANGE_LOOP_ANALYSIS = YES;
				CLANG_WARN_STRICT_PROTOTYPES = YES;
				CLANG_WARN_SUSPICIOUS_MOVE = YES;
				CLANG_WARN_UNGUARDED_AVAILABILITY = YES_AGGRESSIVE;
				CLANG_WARN_UNREACHABLE_CODE = YES;
				CLANG_WARN__DUPLICATE_METHOD_MATCH = YES;
				COPY_PHASE_STRIP = NO;
				DEBUG_INFORMATION_FORMAT = "dwarf-with-dsym";
				ENABLE_NS_ASSERTIONS = NO;
				ENABLE_STRICT_OBJC_MSGSEND = YES;
				GCC_C_LANGUAGE_STANDARD = gnu11;
				GCC_NO_COMMON_BLOCKS = YES;
				GCC_WARN_64_TO_32_BIT_CONVERSION = YES;
				GCC_WARN_ABOUT_RETURN_TYPE = YES_ERROR;
				GCC_WARN_UNDECLARED_SELECTOR = YES;
				GCC_WARN_UNINITIALIZED_AUTOS = YES_AGGRESSIVE;
				GCC_WARN_UNUSED_FUNCTION = YES;
				GCC_WARN_UNUSED_VARIABLE = YES;
				IPHONEOS_DEPLOYMENT_TARGET = 15.0;
				MTL_ENABLE_DEBUG_INFO = NO;
				MTL_FAST_MATH = YES;
				SDKROOT = iphoneos;
				SWIFT_COMPILATION_MODE = wholemodule;
				SWIFT_OPTIMIZATION_LEVEL = "-O";
				VALIDATE_PRODUCT = YES;
			};
			name = Release;
		};
		63DC229A274642600014CA09 /* Debug */ = {
			isa = XCBuildConfiguration;
			buildSettings = {
				ASSETCATALOG_COMPILER_APPICON_NAME = AppIcon;
				ASSETCATALOG_COMPILER_GLOBAL_ACCENT_COLOR_NAME = AccentColor;
				CODE_SIGN_STYLE = Automatic;
				CURRENT_PROJECT_VERSION = 1;
				DEVELOPMENT_TEAM = GYVUGUT77Q;
				GENERATE_INFOPLIST_FILE = YES;
				INFOPLIST_FILE = ClockApp/Info.plist;
				INFOPLIST_KEY_UIApplicationSupportsIndirectInputEvents = YES;
				INFOPLIST_KEY_UILaunchStoryboardName = LaunchScreen;
				INFOPLIST_KEY_UIMainStoryboardFile = Main;
				INFOPLIST_KEY_UISupportedInterfaceOrientations_iPad = "UIInterfaceOrientationPortrait UIInterfaceOrientationPortraitUpsideDown UIInterfaceOrientationLandscapeLeft UIInterfaceOrientationLandscapeRight";
				INFOPLIST_KEY_UISupportedInterfaceOrientations_iPhone = "UIInterfaceOrientationPortrait UIInterfaceOrientationLandscapeLeft UIInterfaceOrientationLandscapeRight";
				LD_RUNPATH_SEARCH_PATHS = (
					"$(inherited)",
					"@executable_path/Frameworks",
				);
				MARKETING_VERSION = 1.0;
				PRODUCT_BUNDLE_IDENTIFIER = com.example.ClockApp;
				PRODUCT_NAME = "$(TARGET_NAME)";
				SWIFT_EMIT_LOC_STRINGS = YES;
				SWIFT_VERSION = 5.0;
				TARGETED_DEVICE_FAMILY = "1,2";
			};
			name = Debug;
		};
		63DC229B274642600014CA09 /* Release */ = {
			isa = XCBuildConfiguration;
			buildSettings = {
				ASSETCATALOG_COMPILER_APPICON_NAME = AppIcon;
				ASSETCATALOG_COMPILER_GLOBAL_ACCENT_COLOR_NAME = AccentColor;
				CODE_SIGN_STYLE = Automatic;
				CURRENT_PROJECT_VERSION = 1;
				DEVELOPMENT_TEAM = GYVUGUT77Q;
				GENERATE_INFOPLIST_FILE = YES;
				INFOPLIST_FILE = ClockApp/Info.plist;
				INFOPLIST_KEY_UIApplicationSupportsIndirectInputEvents = YES;
				INFOPLIST_KEY_UILaunchStoryboardName = LaunchScreen;
				INFOPLIST_KEY_UIMainStoryboardFile = Main;
				INFOPLIST_KEY_UISupportedInterfaceOrientations_iPad = "UIInterfaceOrientationPortrait UIInterfaceOrientationPortraitUpsideDown UIInterfaceOrientationLandscapeLeft UIInterfaceOrientationLandscapeRight";
				INFOPLIST_KEY_UISupportedInterfaceOrientations_iPhone = "UIInterfaceOrientationPortrait UIInterfaceOrientationLandscapeLeft UIInterfaceOrientationLandscapeRight";
				LD_RUNPATH_SEARCH_PATHS = (
					"$(inherited)",
					"@executable_path/Frameworks",
				);
				MARKETING_VERSION = 1.0;
				PRODUCT_BUNDLE_IDENTIFIER = com.example.ClockApp;
				PRODUCT_NAME = "$(TARGET_NAME)";
				SWIFT_EMIT_LOC_STRINGS = YES;
				SWIFT_VERSION = 5.0;
				TARGETED_DEVICE_FAMILY = "1,2";
			};
			name = Release;
		};
		63DC229D274642600014CA09 /* Debug */ = {
			isa = XCBuildConfiguration;
			buildSettings = {
				ALWAYS_EMBED_SWIFT_STANDARD_LIBRARIES = YES;
				BUNDLE_LOADER = "$(TEST_HOST)";
				CODE_SIGN_STYLE = Automatic;
				CURRENT_PROJECT_VERSION = 1;
				DEVELOPMENT_TEAM = GYVUGUT77Q;
				GENERATE_INFOPLIST_FILE = YES;
				IPHONEOS_DEPLOYMENT_TARGET = 15.0;
				LD_RUNPATH_SEARCH_PATHS = (
					"$(inherited)",
					"@executable_path/Frameworks",
					"@loader_path/Frameworks",
				);
				MARKETING_VERSION = 1.0;
				PRODUCT_BUNDLE_IDENTIFIER = com.example.ClockAppTests;
				PRODUCT_NAME = "$(TARGET_NAME)";
				SWIFT_EMIT_LOC_STRINGS = NO;
				SWIFT_VERSION = 5.0;
				TARGETED_DEVICE_FAMILY = "1,2";
				TEST_HOST = "$(BUILT_PRODUCTS_DIR)/ClockApp.app/ClockApp";
			};
			name = Debug;
		};
		63DC229E274642600014CA09 /* Release */ = {
			isa = XCBuildConfiguration;
			buildSettings = {
				ALWAYS_EMBED_SWIFT_STANDARD_LIBRARIES = YES;
				BUNDLE_LOADER = "$(TEST_HOST)";
				CODE_SIGN_STYLE = Automatic;
				CURRENT_PROJECT_VERSION = 1;
				DEVELOPMENT_TEAM = GYVUGUT77Q;
				GENERATE_INFOPLIST_FILE = YES;
				IPHONEOS_DEPLOYMENT_TARGET = 15.0;
				LD_RUNPATH_SEARCH_PATHS = (
					"$(inherited)",
					"@executable_path/Frameworks",
					"@loader_path/Frameworks",
				);
				MARKETING_VERSION = 1.0;
				PRODUCT_BUNDLE_IDENTIFIER = com.example.ClockAppTests;
				PRODUCT_NAME = "$(TARGET_NAME)";
				SWIFT_EMIT_LOC_STRINGS = NO;
				SWIFT_VERSION = 5.0;
				TARGETED_DEVICE_FAMILY = "1,2";
				TEST_HOST = "$(BUILT_PRODUCTS_DIR)/ClockApp.app/ClockApp";
			};
			name = Release;
		};
		63DC22A0274642600014CA09 /* Debug */ = {
			isa = XCBuildConfiguration;
			buildSettings = {
				ALWAYS_EMBED_SWIFT_STANDARD_LIBRARIES = YES;
				CODE_SIGN_STYLE = Automatic;
				CURRENT_PROJECT_VERSION = 1;
				DEVELOPMENT_TEAM = GYVUGUT77Q;
				GENERATE_INFOPLIST_FILE = YES;
				LD_RUNPATH_SEARCH_PATHS = (
					"$(inherited)",
					"@executable_path/Frameworks",
					"@loader_path/Frameworks",
				);
				MARKETING_VERSION = 1.0;
				PRODUCT_BUNDLE_IDENTIFIER = com.example.ClockAppUITests;
				PRODUCT_NAME = "$(TARGET_NAME)";
				SWIFT_EMIT_LOC_STRINGS = NO;
				SWIFT_VERSION = 5.0;
				TARGETED_DEVICE_FAMILY = "1,2";
				TEST_TARGET_NAME = ClockApp;
			};
			name = Debug;
		};
		63DC22A1274642600014CA09 /* Release */ = {
			isa = XCBuildConfiguration;
			buildSettings = {
				ALWAYS_EMBED_SWIFT_STANDARD_LIBRARIES = YES;
				CODE_SIGN_STYLE = Automatic;
				CURRENT_PROJECT_VERSION = 1;
				DEVELOPMENT_TEAM = GYVUGUT77Q;
				GENERATE_INFOPLIST_FILE = YES;
				LD_RUNPATH_SEARCH_PATHS = (
					"$(inherited)",
					"@executable_path/Frameworks",
					"@loader_path/Frameworks",
				);
				MARKETING_VERSION = 1.0;
				PRODUCT_BUNDLE_IDENTIFIER = com.example.ClockAppUITests;
				PRODUCT_NAME = "$(TARGET_NAME)";
				SWIFT_EMIT_LOC_STRINGS = NO;
				SWIFT_VERSION = 5.0;
				TARGETED_DEVICE_FAMILY = "1,2";
				TEST_TARGET_NAME = ClockApp;
			};
			name = Release;
		};
/* End XCBuildConfiguration section */

/* Begin XCConfigurationList section */
		63DC226A2746425F0014CA09 /* Build configuration list for PBXProject "ClockApp" */ = {
			isa = XCConfigurationList;
			buildConfigurations = (
				63DC2297274642600014CA09 /* Debug */,
				63DC2298274642600014CA09 /* Release */,
			);
			defaultConfigurationIsVisible = 0;
			defaultConfigurationName = Release;
		};
		63DC2299274642600014CA09 /* Build configuration list for PBXNativeTarget "ClockApp" */ = {
			isa = XCConfigurationList;
			buildConfigurations = (
				63DC229A274642600014CA09 /* Debug */,
				63DC229B274642600014CA09 /* Release */,
			);
			defaultConfigurationIsVisible = 0;
			defaultConfigurationName = Release;
		};
		63DC229C274642600014CA09 /* Build configuration list for PBXNativeTarget "ClockAppTests" */ = {
			isa = XCConfigurationList;
			buildConfigurations = (
				63DC229D274642600014CA09 /* Debug */,
				63DC229E274642600014CA09 /* Release */,
			);
			defaultConfigurationIsVisible = 0;
			defaultConfigurationName = Release;
		};
		63DC229F274642600014CA09 /* Build configuration list for PBXNativeTarget "ClockAppUITests" */ = {
			isa = XCConfigurationList;
			buildConfigurations = (
				63DC22A0274642600014CA09 /* Debug */,
				63DC22A1274642600014CA09 /* Release */,
			);
			defaultConfigurationIsVisible = 0;
			defaultConfigurationName = Release;
		};
/* End XCConfigurationList section */
	};
	rootObject = 63DC22672746425F0014CA09 /* Project object */;
}
